
Microsoft Visual Studio Solution File, Format Version 12.00
# Visual Studio Version 17
VisualStudioVersion = 17.3.32901.215
MinimumVisualStudioVersion = 10.0.40219.1
Project("{9A19103F-16F7-4668-BE54-9A1E7A4F7556}") = "LibraryPraktos", "LibraryPraktos\LibraryPraktos.csproj", "{FD9D8D92-94F2-4459-9153-63E76FD46173}"
EndProject
Project("{9A19103F-16F7-4668-BE54-9A1E7A4F7556}") = "JsonSerializer", "JsonSerializer\JsonSerializer.csproj", "{7AF7BD26-B7E3-425C-BECD-9298814481B0}"
EndProject
Project("{9A19103F-16F7-4668-BE54-9A1E7A4F7556}") = "CalculatorBaseLogic", "CalculatorBaseLogicClass\CalculatorBaseLogic.csproj", "{08F0498F-677D-46B0-9922-0B5D6BE18DDE}"
EndProject
Global
	GlobalSection(SolutionConfigurationPlatforms) = preSolution
		Debug|Any CPU = Debug|Any CPU
		Release|Any CPU = Release|Any CPU
	EndGlobalSection
	GlobalSection(ProjectConfigurationPlatforms) = postSolution
		{FD9D8D92-94F2-4459-9153-63E76FD46173}.Debug|Any CPU.ActiveCfg = Debug|Any CPU
		{FD9D8D92-94F2-4459-9153-63E76FD46173}.Debug|Any CPU.Build.0 = Debug|Any CPU
		{FD9D8D92-94F2-4459-9153-63E76FD46173}.Release|Any CPU.ActiveCfg = Release|Any CPU
		{FD9D8D92-94F2-4459-9153-63E76FD46173}.Release|Any CPU.Build.0 = Release|Any CPU
		{7AF7BD26-B7E3-425C-BECD-9298814481B0}.Debug|Any CPU.ActiveCfg = Debug|Any CPU
		{7AF7BD26-B7E3-425C-BECD-9298814481B0}.Debug|Any CPU.Build.0 = Debug|Any CPU
		{7AF7BD26-B7E3-425C-BECD-9298814481B0}.Release|Any CPU.ActiveCfg = Release|Any CPU
		{7AF7BD26-B7E3-425C-BECD-9298814481B0}.Release|Any CPU.Build.0 = Release|Any CPU
		{08F0498F-677D-46B0-9922-0B5D6BE18DDE}.Debug|Any CPU.ActiveCfg = Debug|Any CPU
		{08F0498F-677D-46B0-9922-0B5D6BE18DDE}.Debug|Any CPU.Build.0 = Debug|Any CPU
		{08F0498F-677D-46B0-9922-0B5D6BE18DDE}.Release|Any CPU.ActiveCfg = Release|Any CPU
		{08F0498F-677D-46B0-9922-0B5D6BE18DDE}.Release|Any CPU.Build.0 = Release|Any CPU
	EndGlobalSection
	GlobalSection(SolutionProperties) = preSolution
		HideSolutionNode = FALSE
	EndGlobalSection
	GlobalSection(ExtensibilityGlobals) = postSolution
		SolutionGuid = {212C1597-40C8-4A9C-A46C-F8E3A418F1FD}
	EndGlobalSection
EndGlobal
